
Microsoft Visual Studio Solution File, Format Version 12.00
# Visual Studio Version 16
VisualStudioVersion = 16.0.30717.126
MinimumVisualStudioVersion = 10.0.40219.1
Project("{FAE04EC0-301F-11D3-BF4B-00C04F79EFBC}") = "HWmonitor", "HWmonitor\HWmonitor.csproj", "{84C337E9-5EAC-46C0-B686-A53381278AD4}"
EndProject
Global
	GlobalSection(SolutionConfigurationPlatforms) = preSolution
		Debug|Any CPU = Debug|Any CPU
		Release|Any CPU = Release|Any CPU
	EndGlobalSection
	GlobalSection(ProjectConfigurationPlatforms) = postSolution
		{84C337E9-5EAC-46C0-B686-A53381278AD4}.Debug|Any CPU.ActiveCfg = Debug|Any CPU
		{84C337E9-5EAC-46C0-B686-A53381278AD4}.Debug|Any CPU.Build.0 = Debug|Any CPU
		{84C337E9-5EAC-46C0-B686-A53381278AD4}.Release|Any CPU.ActiveCfg = Release|Any CPU
		{84C337E9-5EAC-46C0-B686-A53381278AD4}.Release|Any CPU.Build.0 = Release|Any CPU
	EndGlobalSection
	GlobalSection(SolutionProperties) = preSolution
		HideSolutionNode = FALSE
	EndGlobalSection
	GlobalSection(ExtensibilityGlobals) = postSolution
		SolutionGuid = {A952D98B-4349-4C9A-B4C4-401E19B81DE0}
	EndGlobalSection
EndGlobal
